
Microsoft Visual Studio Solution File, Format Version 12.00
# Visual Studio Version 17
VisualStudioVersion = 17.0.31903.59
MinimumVisualStudioVersion = 10.0.40219.1
Project("{FAE04EC0-301F-11D3-BF4B-00C04F79EFBC}") = "MyHttp.Core", "MyHttp.Core\MyHttp.Core.csproj", "{884D568B-C151-41CD-9238-FA22BBE11D80}"
EndProject
Project("{FAE04EC0-301F-11D3-BF4B-00C04F79EFBC}") = "MyHttp.Server", "MyHttp.Server\MyHttp.Server.csproj", "{306D5F4F-FF66-4679-8F48-98E0CF69DE4B}"
EndProject
Project("{FAE04EC0-301F-11D3-BF4B-00C04F79EFBC}") = "MyHttp.Client", "MyHttp.Client\MyHttp.Client.csproj", "{8FECF5F5-7F48-4029-8FCC-6727BF8A0B81}"
EndProject
Project("{FAE04EC0-301F-11D3-BF4B-00C04F79EFBC}") = "MyHttp.Tests", "MyHttp.Tests\MyHttp.Tests.csproj", "{00EE81D5-CA22-40E6-A30B-CF3AD1BC78A6}"
EndProject
Global
	GlobalSection(SolutionConfigurationPlatforms) = preSolution
		Debug|Any CPU = Debug|Any CPU
		Debug|x64 = Debug|x64
		Debug|x86 = Debug|x86
		Release|Any CPU = Release|Any CPU
		Release|x64 = Release|x64
		Release|x86 = Release|x86
	EndGlobalSection
	GlobalSection(ProjectConfigurationPlatforms) = postSolution
		{884D568B-C151-41CD-9238-FA22BBE11D80}.Debug|Any CPU.ActiveCfg = Debug|Any CPU
		{884D568B-C151-41CD-9238-FA22BBE11D80}.Debug|Any CPU.Build.0 = Debug|Any CPU
		{884D568B-C151-41CD-9238-FA22BBE11D80}.Debug|x64.ActiveCfg = Debug|Any CPU
		{884D568B-C151-41CD-9238-FA22BBE11D80}.Debug|x64.Build.0 = Debug|Any CPU
		{884D568B-C151-41CD-9238-FA22BBE11D80}.Debug|x86.ActiveCfg = Debug|Any CPU
		{884D568B-C151-41CD-9238-FA22BBE11D80}.Debug|x86.Build.0 = Debug|Any CPU
		{884D568B-C151-41CD-9238-FA22BBE11D80}.Release|Any CPU.ActiveCfg = Release|Any CPU
		{884D568B-C151-41CD-9238-FA22BBE11D80}.Release|Any CPU.Build.0 = Release|Any CPU
		{884D568B-C151-41CD-9238-FA22BBE11D80}.Release|x64.ActiveCfg = Release|Any CPU
		{884D568B-C151-41CD-9238-FA22BBE11D80}.Release|x64.Build.0 = Release|Any CPU
		{884D568B-C151-41CD-9238-FA22BBE11D80}.Release|x86.ActiveCfg = Release|Any CPU
		{884D568B-C151-41CD-9238-FA22BBE11D80}.Release|x86.Build.0 = Release|Any CPU
		{306D5F4F-FF66-4679-8F48-98E0CF69DE4B}.Debug|Any CPU.ActiveCfg = Debug|Any CPU
		{306D5F4F-FF66-4679-8F48-98E0CF69DE4B}.Debug|Any CPU.Build.0 = Debug|Any CPU
		{306D5F4F-FF66-4679-8F48-98E0CF69DE4B}.Debug|x64.ActiveCfg = Debug|Any CPU
		{306D5F4F-FF66-4679-8F48-98E0CF69DE4B}.Debug|x64.Build.0 = Debug|Any CPU
		{306D5F4F-FF66-4679-8F48-98E0CF69DE4B}.Debug|x86.ActiveCfg = Debug|Any CPU
		{306D5F4F-FF66-4679-8F48-98E0CF69DE4B}.Debug|x86.Build.0 = Debug|Any CPU
		{306D5F4F-FF66-4679-8F48-98E0CF69DE4B}.Release|Any CPU.ActiveCfg = Release|Any CPU
		{306D5F4F-FF66-4679-8F48-98E0CF69DE4B}.Release|Any CPU.Build.0 = Release|Any CPU
		{306D5F4F-FF66-4679-8F48-98E0CF69DE4B}.Release|x64.ActiveCfg = Release|Any CPU
		{306D5F4F-FF66-4679-8F48-98E0CF69DE4B}.Release|x64.Build.0 = Release|Any CPU
		{306D5F4F-FF66-4679-8F48-98E0CF69DE4B}.Release|x86.ActiveCfg = Release|Any CPU
		{306D5F4F-FF66-4679-8F48-98E0CF69DE4B}.Release|x86.Build.0 = Release|Any CPU
		{8FECF5F5-7F48-4029-8FCC-6727BF8A0B81}.Debug|Any CPU.ActiveCfg = Debug|Any CPU
		{8FECF5F5-7F48-4029-8FCC-6727BF8A0B81}.Debug|Any CPU.Build.0 = Debug|Any CPU
		{8FECF5F5-7F48-4029-8FCC-6727BF8A0B81}.Debug|x64.ActiveCfg = Debug|Any CPU
		{8FECF5F5-7F48-4029-8FCC-6727BF8A0B81}.Debug|x64.Build.0 = Debug|Any CPU
		{8FECF5F5-7F48-4029-8FCC-6727BF8A0B81}.Debug|x86.ActiveCfg = Debug|Any CPU
		{8FECF5F5-7F48-4029-8FCC-6727BF8A0B81}.Debug|x86.Build.0 = Debug|Any CPU
		{8FECF5F5-7F48-4029-8FCC-6727BF8A0B81}.Release|Any CPU.ActiveCfg = Release|Any CPU
		{8FECF5F5-7F48-4029-8FCC-6727BF8A0B81}.Release|Any CPU.Build.0 = Release|Any CPU
		{8FECF5F5-7F48-4029-8FCC-6727BF8A0B81}.Release|x64.ActiveCfg = Release|Any CPU
		{8FECF5F5-7F48-4029-8FCC-6727BF8A0B81}.Release|x64.Build.0 = Release|Any CPU
		{8FECF5F5-7F48-4029-8FCC-6727BF8A0B81}.Release|x86.ActiveCfg = Release|Any CPU
		{8FECF5F5-7F48-4029-8FCC-6727BF8A0B81}.Release|x86.Build.0 = Release|Any CPU
		{00EE81D5-CA22-40E6-A30B-CF3AD1BC78A6}.Debug|Any CPU.ActiveCfg = Debug|Any CPU
		{00EE81D5-CA22-40E6-A30B-CF3AD1BC78A6}.Debug|Any CPU.Build.0 = Debug|Any CPU
		{00EE81D5-CA22-40E6-A30B-CF3AD1BC78A6}.Debug|x64.ActiveCfg = Debug|Any CPU
		{00EE81D5-CA22-40E6-A30B-CF3AD1BC78A6}.Debug|x64.Build.0 = Debug|Any CPU
		{00EE81D5-CA22-40E6-A30B-CF3AD1BC78A6}.Debug|x86.ActiveCfg = Debug|Any CPU
		{00EE81D5-CA22-40E6-A30B-CF3AD1BC78A6}.Debug|x86.Build.0 = Debug|Any CPU
		{00EE81D5-CA22-40E6-A30B-CF3AD1BC78A6}.Release|Any CPU.ActiveCfg = Release|Any CPU
		{00EE81D5-CA22-40E6-A30B-CF3AD1BC78A6}.Release|Any CPU.Build.0 = Release|Any CPU
		{00EE81D5-CA22-40E6-A30B-CF3AD1BC78A6}.Release|x64.ActiveCfg = Release|Any CPU
		{00EE81D5-CA22-40E6-A30B-CF3AD1BC78A6}.Release|x64.Build.0 = Release|Any CPU
		{00EE81D5-CA22-40E6-A30B-CF3AD1BC78A6}.Release|x86.ActiveCfg = Release|Any CPU
		{00EE81D5-CA22-40E6-A30B-CF3AD1BC78A6}.Release|x86.Build.0 = Release|Any CPU
	EndGlobalSection
	GlobalSection(SolutionProperties) = preSolution
		HideSolutionNode = FALSE
	EndGlobalSection
EndGlobal
